
Microsoft Visual Studio Solution File, Format Version 12.00
# Visual Studio 15
VisualStudioVersion = 15.0.28010.2041
MinimumVisualStudioVersion = 10.0.40219.1
Project("{FAE04EC0-301F-11D3-BF4B-00C04F79EFBC}") = "MdiForm", "MdiForm\MdiForm.csproj", "{007C5A19-7DE6-4521-AAB1-81E0B82CB511}"
EndProject
Project("{FAE04EC0-301F-11D3-BF4B-00C04F79EFBC}") = "MessageBoxPlus", "MessageBoxPlus\MessageBoxPlus.csproj", "{E54A51A6-A054-4F21-AC22-A827B5EF4D36}"
EndProject
Project("{FAE04EC0-301F-11D3-BF4B-00C04F79EFBC}") = "COMMPort", "COMMPort\COMMPort.csproj", "{F066762D-819B-43EF-8D46-AA3AC7CC1DDF}"
EndProject
Project("{FAE04EC0-301F-11D3-BF4B-00C04F79EFBC}") = "TestDemo", "TestDemo\TestDemo.csproj", "{3C2290E5-B927-4A3E-BA4F-ACC998E8CE19}"
EndProject
Project("{FAE04EC0-301F-11D3-BF4B-00C04F79EFBC}") = "GenFunc", "GenFunc\GenFunc.csproj", "{167D490D-D904-4196-8AA3-54AB9A2B6B11}"
EndProject
Project("{FAE04EC0-301F-11D3-BF4B-00C04F79EFBC}") = "HexBox", "HexBox\HexBox.csproj", "{BE35D7AA-A064-4FCF-9218-0A6D2F5A5633}"
EndProject
Project("{FAE04EC0-301F-11D3-BF4B-00C04F79EFBC}") = "HexFile", "HexFile\HexFile.csproj", "{3664C4EE-CE0A-449F-B3E5-6B0D1EA34479}"
EndProject
Project("{FAE04EC0-301F-11D3-BF4B-00C04F79EFBC}") = "PreMakeToVSProject", "PreMakeToVSProject\PreMakeToVSProject.csproj", "{60EC8ECE-434D-43B0-993D-B70C682012E2}"
EndProject
Project("{FAE04EC0-301F-11D3-BF4B-00C04F79EFBC}") = "ProcessApplication", "ProcessApplication\ProcessApplication.csproj", "{13A7278A-E520-490F-B36E-CE80251FA56F}"
EndProject
Project("{FAE04EC0-301F-11D3-BF4B-00C04F79EFBC}") = "RichTextBoxPlus", "RichTextBoxPlus\RichTextBoxPlus.csproj", "{FC2D572C-5CEE-40DA-8C1B-583E693602AA}"
EndProject
Project("{FAE04EC0-301F-11D3-BF4B-00C04F79EFBC}") = "COMMPortForm", "COMMPortForm\COMMPortForm.csproj", "{B0F7D083-F588-411D-9ED1-C1C09B933AD4}"
EndProject
Global
	GlobalSection(SolutionConfigurationPlatforms) = preSolution
		Debug|Any CPU = Debug|Any CPU
		Release|Any CPU = Release|Any CPU
	EndGlobalSection
	GlobalSection(ProjectConfigurationPlatforms) = postSolution
		{007C5A19-7DE6-4521-AAB1-81E0B82CB511}.Debug|Any CPU.ActiveCfg = Debug|Any CPU
		{007C5A19-7DE6-4521-AAB1-81E0B82CB511}.Debug|Any CPU.Build.0 = Debug|Any CPU
		{007C5A19-7DE6-4521-AAB1-81E0B82CB511}.Release|Any CPU.ActiveCfg = Release|Any CPU
		{007C5A19-7DE6-4521-AAB1-81E0B82CB511}.Release|Any CPU.Build.0 = Release|Any CPU
		{E54A51A6-A054-4F21-AC22-A827B5EF4D36}.Debug|Any CPU.ActiveCfg = Debug|Any CPU
		{E54A51A6-A054-4F21-AC22-A827B5EF4D36}.Debug|Any CPU.Build.0 = Debug|Any CPU
		{E54A51A6-A054-4F21-AC22-A827B5EF4D36}.Release|Any CPU.ActiveCfg = Release|Any CPU
		{E54A51A6-A054-4F21-AC22-A827B5EF4D36}.Release|Any CPU.Build.0 = Release|Any CPU
		{F066762D-819B-43EF-8D46-AA3AC7CC1DDF}.Debug|Any CPU.ActiveCfg = Debug|Any CPU
		{F066762D-819B-43EF-8D46-AA3AC7CC1DDF}.Debug|Any CPU.Build.0 = Debug|Any CPU
		{F066762D-819B-43EF-8D46-AA3AC7CC1DDF}.Release|Any CPU.ActiveCfg = Release|Any CPU
		{F066762D-819B-43EF-8D46-AA3AC7CC1DDF}.Release|Any CPU.Build.0 = Release|Any CPU
		{3C2290E5-B927-4A3E-BA4F-ACC998E8CE19}.Debug|Any CPU.ActiveCfg = Debug|Any CPU
		{3C2290E5-B927-4A3E-BA4F-ACC998E8CE19}.Debug|Any CPU.Build.0 = Debug|Any CPU
		{3C2290E5-B927-4A3E-BA4F-ACC998E8CE19}.Release|Any CPU.ActiveCfg = Release|Any CPU
		{3C2290E5-B927-4A3E-BA4F-ACC998E8CE19}.Release|Any CPU.Build.0 = Release|Any CPU
		{167D490D-D904-4196-8AA3-54AB9A2B6B11}.Debug|Any CPU.ActiveCfg = Debug|Any CPU
		{167D490D-D904-4196-8AA3-54AB9A2B6B11}.Debug|Any CPU.Build.0 = Debug|Any CPU
		{167D490D-D904-4196-8AA3-54AB9A2B6B11}.Release|Any CPU.ActiveCfg = Release|Any CPU
		{167D490D-D904-4196-8AA3-54AB9A2B6B11}.Release|Any CPU.Build.0 = Release|Any CPU
		{BE35D7AA-A064-4FCF-9218-0A6D2F5A5633}.Debug|Any CPU.ActiveCfg = Debug|Any CPU
		{BE35D7AA-A064-4FCF-9218-0A6D2F5A5633}.Debug|Any CPU.Build.0 = Debug|Any CPU
		{BE35D7AA-A064-4FCF-9218-0A6D2F5A5633}.Release|Any CPU.ActiveCfg = Release|Any CPU
		{BE35D7AA-A064-4FCF-9218-0A6D2F5A5633}.Release|Any CPU.Build.0 = Release|Any CPU
		{3664C4EE-CE0A-449F-B3E5-6B0D1EA34479}.Debug|Any CPU.ActiveCfg = Debug|Any CPU
		{3664C4EE-CE0A-449F-B3E5-6B0D1EA34479}.Debug|Any CPU.Build.0 = Debug|Any CPU
		{3664C4EE-CE0A-449F-B3E5-6B0D1EA34479}.Release|Any CPU.ActiveCfg = Release|Any CPU
		{3664C4EE-CE0A-449F-B3E5-6B0D1EA34479}.Release|Any CPU.Build.0 = Release|Any CPU
		{60EC8ECE-434D-43B0-993D-B70C682012E2}.Debug|Any CPU.ActiveCfg = Debug|Any CPU
		{60EC8ECE-434D-43B0-993D-B70C682012E2}.Debug|Any CPU.Build.0 = Debug|Any CPU
		{60EC8ECE-434D-43B0-993D-B70C682012E2}.Release|Any CPU.ActiveCfg = Release|Any CPU
		{60EC8ECE-434D-43B0-993D-B70C682012E2}.Release|Any CPU.Build.0 = Release|Any CPU
		{13A7278A-E520-490F-B36E-CE80251FA56F}.Debug|Any CPU.ActiveCfg = Debug|Any CPU
		{13A7278A-E520-490F-B36E-CE80251FA56F}.Debug|Any CPU.Build.0 = Debug|Any CPU
		{13A7278A-E520-490F-B36E-CE80251FA56F}.Release|Any CPU.ActiveCfg = Release|Any CPU
		{13A7278A-E520-490F-B36E-CE80251FA56F}.Release|Any CPU.Build.0 = Release|Any CPU
		{FC2D572C-5CEE-40DA-8C1B-583E693602AA}.Debug|Any CPU.ActiveCfg = Debug|Any CPU
		{FC2D572C-5CEE-40DA-8C1B-583E693602AA}.Debug|Any CPU.Build.0 = Debug|Any CPU
		{FC2D572C-5CEE-40DA-8C1B-583E693602AA}.Release|Any CPU.ActiveCfg = Release|Any CPU
		{FC2D572C-5CEE-40DA-8C1B-583E693602AA}.Release|Any CPU.Build.0 = Release|Any CPU
		{B0F7D083-F588-411D-9ED1-C1C09B933AD4}.Debug|Any CPU.ActiveCfg = Debug|Any CPU
		{B0F7D083-F588-411D-9ED1-C1C09B933AD4}.Debug|Any CPU.Build.0 = Debug|Any CPU
		{B0F7D083-F588-411D-9ED1-C1C09B933AD4}.Release|Any CPU.ActiveCfg = Release|Any CPU
		{B0F7D083-F588-411D-9ED1-C1C09B933AD4}.Release|Any CPU.Build.0 = Release|Any CPU
	EndGlobalSection
	GlobalSection(SolutionProperties) = preSolution
		HideSolutionNode = FALSE
	EndGlobalSection
	GlobalSection(ExtensibilityGlobals) = postSolution
		SolutionGuid = {E257165E-AE88-4EFE-9D7A-88448C151447}
	EndGlobalSection
EndGlobal
